
Microsoft Visual Studio Solution File, Format Version 12.00
# Visual Studio 14
VisualStudioVersion = 14.0.25420.1
MinimumVisualStudioVersion = 10.0.40219.1
Project("{FAE04EC0-301F-11D3-BF4B-00C04F79EFBC}") = "DenunciadoApp.Android", "DenunciadoApp\DenunciadoApp.Android\DenunciadoApp.Android.csproj", "{D36A0B31-6183-4849-BFA5-AEB2A597237B}"
EndProject
Project("{FAE04EC0-301F-11D3-BF4B-00C04F79EFBC}") = "DenunciadoApp", "DenunciadoApp\DenunciadoApp\DenunciadoApp.csproj", "{4587C76E-BD0C-4696-B61D-6A06072A246A}"
EndProject
Project("{FAE04EC0-301F-11D3-BF4B-00C04F79EFBC}") = "DenunciadoApp.UWP", "DenunciadoApp\DenunciadoApp.UWP\DenunciadoApp.UWP.csproj", "{3997768D-DAB5-4C09-A195-DC69CE0D948D}"
EndProject
Project("{FAE04EC0-301F-11D3-BF4B-00C04F79EFBC}") = "DenunciadoApp.iOS", "DenunciadoApp\DenunciadoApp.iOS\DenunciadoApp.iOS.csproj", "{8592B720-092F-46FE-99D2-DCB68EDCB77E}"
EndProject
Global
	GlobalSection(SolutionConfigurationPlatforms) = preSolution
		Ad-Hoc|Any CPU = Ad-Hoc|Any CPU
		Ad-Hoc|ARM = Ad-Hoc|ARM
		Ad-Hoc|iPhone = Ad-Hoc|iPhone
		Ad-Hoc|iPhoneSimulator = Ad-Hoc|iPhoneSimulator
		Ad-Hoc|x64 = Ad-Hoc|x64
		Ad-Hoc|x86 = Ad-Hoc|x86
		AppStore|Any CPU = AppStore|Any CPU
		AppStore|ARM = AppStore|ARM
		AppStore|iPhone = AppStore|iPhone
		AppStore|iPhoneSimulator = AppStore|iPhoneSimulator
		AppStore|x64 = AppStore|x64
		AppStore|x86 = AppStore|x86
		Debug|Any CPU = Debug|Any CPU
		Debug|ARM = Debug|ARM
		Debug|iPhone = Debug|iPhone
		Debug|iPhoneSimulator = Debug|iPhoneSimulator
		Debug|x64 = Debug|x64
		Debug|x86 = Debug|x86
		Release|Any CPU = Release|Any CPU
		Release|ARM = Release|ARM
		Release|iPhone = Release|iPhone
		Release|iPhoneSimulator = Release|iPhoneSimulator
		Release|x64 = Release|x64
		Release|x86 = Release|x86
	EndGlobalSection
	GlobalSection(ProjectConfigurationPlatforms) = postSolution
		{D36A0B31-6183-4849-BFA5-AEB2A597237B}.Ad-Hoc|Any CPU.ActiveCfg = Release|Any CPU
		{D36A0B31-6183-4849-BFA5-AEB2A597237B}.Ad-Hoc|Any CPU.Build.0 = Release|Any CPU
		{D36A0B31-6183-4849-BFA5-AEB2A597237B}.Ad-Hoc|Any CPU.Deploy.0 = Release|Any CPU
		{D36A0B31-6183-4849-BFA5-AEB2A597237B}.Ad-Hoc|ARM.ActiveCfg = Release|Any CPU
		{D36A0B31-6183-4849-BFA5-AEB2A597237B}.Ad-Hoc|ARM.Build.0 = Release|Any CPU
		{D36A0B31-6183-4849-BFA5-AEB2A597237B}.Ad-Hoc|ARM.Deploy.0 = Release|Any CPU
		{D36A0B31-6183-4849-BFA5-AEB2A597237B}.Ad-Hoc|iPhone.ActiveCfg = Release|Any CPU
		{D36A0B31-6183-4849-BFA5-AEB2A597237B}.Ad-Hoc|iPhone.Build.0 = Release|Any CPU
		{D36A0B31-6183-4849-BFA5-AEB2A597237B}.Ad-Hoc|iPhone.Deploy.0 = Release|Any CPU
		{D36A0B31-6183-4849-BFA5-AEB2A597237B}.Ad-Hoc|iPhoneSimulator.ActiveCfg = Release|Any CPU
		{D36A0B31-6183-4849-BFA5-AEB2A597237B}.Ad-Hoc|iPhoneSimulator.Build.0 = Release|Any CPU
		{D36A0B31-6183-4849-BFA5-AEB2A597237B}.Ad-Hoc|iPhoneSimulator.Deploy.0 = Release|Any CPU
		{D36A0B31-6183-4849-BFA5-AEB2A597237B}.Ad-Hoc|x64.ActiveCfg = Release|Any CPU
		{D36A0B31-6183-4849-BFA5-AEB2A597237B}.Ad-Hoc|x64.Build.0 = Release|Any CPU
		{D36A0B31-6183-4849-BFA5-AEB2A597237B}.Ad-Hoc|x64.Deploy.0 = Release|Any CPU
		{D36A0B31-6183-4849-BFA5-AEB2A597237B}.Ad-Hoc|x86.ActiveCfg = Release|Any CPU
		{D36A0B31-6183-4849-BFA5-AEB2A597237B}.Ad-Hoc|x86.Build.0 = Release|Any CPU
		{D36A0B31-6183-4849-BFA5-AEB2A597237B}.Ad-Hoc|x86.Deploy.0 = Release|Any CPU
		{D36A0B31-6183-4849-BFA5-AEB2A597237B}.AppStore|Any CPU.ActiveCfg = Release|Any CPU
		{D36A0B31-6183-4849-BFA5-AEB2A597237B}.AppStore|Any CPU.Build.0 = Release|Any CPU
		{D36A0B31-6183-4849-BFA5-AEB2A597237B}.AppStore|Any CPU.Deploy.0 = Release|Any CPU
		{D36A0B31-6183-4849-BFA5-AEB2A597237B}.AppStore|ARM.ActiveCfg = Release|Any CPU
		{D36A0B31-6183-4849-BFA5-AEB2A597237B}.AppStore|ARM.Build.0 = Release|Any CPU
		{D36A0B31-6183-4849-BFA5-AEB2A597237B}.AppStore|ARM.Deploy.0 = Release|Any CPU
		{D36A0B31-6183-4849-BFA5-AEB2A597237B}.AppStore|iPhone.ActiveCfg = Release|Any CPU
		{D36A0B31-6183-4849-BFA5-AEB2A597237B}.AppStore|iPhone.Build.0 = Release|Any CPU
		{D36A0B31-6183-4849-BFA5-AEB2A597237B}.AppStore|iPhone.Deploy.0 = Release|Any CPU
		{D36A0B31-6183-4849-BFA5-AEB2A597237B}.AppStore|iPhoneSimulator.ActiveCfg = Release|Any CPU
		{D36A0B31-6183-4849-BFA5-AEB2A597237B}.AppStore|iPhoneSimulator.Build.0 = Release|Any CPU
		{D36A0B31-6183-4849-BFA5-AEB2A597237B}.AppStore|iPhoneSimulator.Deploy.0 = Release|Any CPU
		{D36A0B31-6183-4849-BFA5-AEB2A597237B}.AppStore|x64.ActiveCfg = Release|Any CPU
		{D36A0B31-6183-4849-BFA5-AEB2A597237B}.AppStore|x64.Build.0 = Release|Any CPU
		{D36A0B31-6183-4849-BFA5-AEB2A597237B}.AppStore|x64.Deploy.0 = Release|Any CPU
		{D36A0B31-6183-4849-BFA5-AEB2A597237B}.AppStore|x86.ActiveCfg = Release|Any CPU
		{D36A0B31-6183-4849-BFA5-AEB2A597237B}.AppStore|x86.Build.0 = Release|Any CPU
		{D36A0B31-6183-4849-BFA5-AEB2A597237B}.AppStore|x86.Deploy.0 = Release|Any CPU
		{D36A0B31-6183-4849-BFA5-AEB2A597237B}.Debug|Any CPU.ActiveCfg = Debug|Any CPU
		{D36A0B31-6183-4849-BFA5-AEB2A597237B}.Debug|Any CPU.Build.0 = Debug|Any CPU
		{D36A0B31-6183-4849-BFA5-AEB2A597237B}.Debug|Any CPU.Deploy.0 = Debug|Any CPU
		{D36A0B31-6183-4849-BFA5-AEB2A597237B}.Debug|ARM.ActiveCfg = Debug|Any CPU
		{D36A0B31-6183-4849-BFA5-AEB2A597237B}.Debug|ARM.Build.0 = Debug|Any CPU
		{D36A0B31-6183-4849-BFA5-AEB2A597237B}.Debug|ARM.Deploy.0 = Debug|Any CPU
		{D36A0B31-6183-4849-BFA5-AEB2A597237B}.Debug|iPhone.ActiveCfg = Debug|Any CPU
		{D36A0B31-6183-4849-BFA5-AEB2A597237B}.Debug|iPhone.Build.0 = Debug|Any CPU
		{D36A0B31-6183-4849-BFA5-AEB2A597237B}.Debug|iPhone.Deploy.0 = Debug|Any CPU
		{D36A0B31-6183-4849-BFA5-AEB2A597237B}.Debug|iPhoneSimulator.ActiveCfg = Debug|Any CPU
		{D36A0B31-6183-4849-BFA5-AEB2A597237B}.Debug|iPhoneSimulator.Build.0 = Debug|Any CPU
		{D36A0B31-6183-4849-BFA5-AEB2A597237B}.Debug|iPhoneSimulator.Deploy.0 = Debug|Any CPU
		{D36A0B31-6183-4849-BFA5-AEB2A597237B}.Debug|x64.ActiveCfg = Debug|Any CPU
		{D36A0B31-6183-4849-BFA5-AEB2A597237B}.Debug|x64.Build.0 = Debug|Any CPU
		{D36A0B31-6183-4849-BFA5-AEB2A597237B}.Debug|x64.Deploy.0 = Debug|Any CPU
		{D36A0B31-6183-4849-BFA5-AEB2A597237B}.Debug|x86.ActiveCfg = Debug|Any CPU
		{D36A0B31-6183-4849-BFA5-AEB2A597237B}.Debug|x86.Build.0 = Debug|Any CPU
		{D36A0B31-6183-4849-BFA5-AEB2A597237B}.Debug|x86.Deploy.0 = Debug|Any CPU
		{D36A0B31-6183-4849-BFA5-AEB2A597237B}.Release|Any CPU.ActiveCfg = Release|Any CPU
		{D36A0B31-6183-4849-BFA5-AEB2A597237B}.Release|Any CPU.Build.0 = Release|Any CPU
		{D36A0B31-6183-4849-BFA5-AEB2A597237B}.Release|Any CPU.Deploy.0 = Release|Any CPU
		{D36A0B31-6183-4849-BFA5-AEB2A597237B}.Release|ARM.ActiveCfg = Release|Any CPU
		{D36A0B31-6183-4849-BFA5-AEB2A597237B}.Release|ARM.Build.0 = Release|Any CPU
		{D36A0B31-6183-4849-BFA5-AEB2A597237B}.Release|ARM.Deploy.0 = Release|Any CPU
		{D36A0B31-6183-4849-BFA5-AEB2A597237B}.Release|iPhone.ActiveCfg = Release|Any CPU
		{D36A0B31-6183-4849-BFA5-AEB2A597237B}.Release|iPhone.Build.0 = Release|Any CPU
		{D36A0B31-6183-4849-BFA5-AEB2A597237B}.Release|iPhone.Deploy.0 = Release|Any CPU
		{D36A0B31-6183-4849-BFA5-AEB2A597237B}.Release|iPhoneSimulator.ActiveCfg = Release|Any CPU
		{D36A0B31-6183-4849-BFA5-AEB2A597237B}.Release|iPhoneSimulator.Build.0 = Release|Any CPU
		{D36A0B31-6183-4849-BFA5-AEB2A597237B}.Release|iPhoneSimulator.Deploy.0 = Release|Any CPU
		{D36A0B31-6183-4849-BFA5-AEB2A597237B}.Release|x64.ActiveCfg = Release|Any CPU
		{D36A0B31-6183-4849-BFA5-AEB2A597237B}.Release|x64.Build.0 = Release|Any CPU
		{D36A0B31-6183-4849-BFA5-AEB2A597237B}.Release|x64.Deploy.0 = Release|Any CPU
		{D36A0B31-6183-4849-BFA5-AEB2A597237B}.Release|x86.ActiveCfg = Release|Any CPU
		{D36A0B31-6183-4849-BFA5-AEB2A597237B}.Release|x86.Build.0 = Release|Any CPU
		{D36A0B31-6183-4849-BFA5-AEB2A597237B}.Release|x86.Deploy.0 = Release|Any CPU
		{4587C76E-BD0C-4696-B61D-6A06072A246A}.Ad-Hoc|Any CPU.ActiveCfg = Release|Any CPU
		{4587C76E-BD0C-4696-B61D-6A06072A246A}.Ad-Hoc|Any CPU.Build.0 = Release|Any CPU
		{4587C76E-BD0C-4696-B61D-6A06072A246A}.Ad-Hoc|ARM.ActiveCfg = Release|Any CPU
		{4587C76E-BD0C-4696-B61D-6A06072A246A}.Ad-Hoc|ARM.Build.0 = Release|Any CPU
		{4587C76E-BD0C-4696-B61D-6A06072A246A}.Ad-Hoc|iPhone.ActiveCfg = Release|Any CPU
		{4587C76E-BD0C-4696-B61D-6A06072A246A}.Ad-Hoc|iPhone.Build.0 = Release|Any CPU
		{4587C76E-BD0C-4696-B61D-6A06072A246A}.Ad-Hoc|iPhoneSimulator.ActiveCfg = Release|Any CPU
		{4587C76E-BD0C-4696-B61D-6A06072A246A}.Ad-Hoc|iPhoneSimulator.Build.0 = Release|Any CPU
		{4587C76E-BD0C-4696-B61D-6A06072A246A}.Ad-Hoc|x64.ActiveCfg = Release|Any CPU
		{4587C76E-BD0C-4696-B61D-6A06072A246A}.Ad-Hoc|x64.Build.0 = Release|Any CPU
		{4587C76E-BD0C-4696-B61D-6A06072A246A}.Ad-Hoc|x86.ActiveCfg = Release|Any CPU
		{4587C76E-BD0C-4696-B61D-6A06072A246A}.Ad-Hoc|x86.Build.0 = Release|Any CPU
		{4587C76E-BD0C-4696-B61D-6A06072A246A}.AppStore|Any CPU.ActiveCfg = Release|Any CPU
		{4587C76E-BD0C-4696-B61D-6A06072A246A}.AppStore|Any CPU.Build.0 = Release|Any CPU
		{4587C76E-BD0C-4696-B61D-6A06072A246A}.AppStore|ARM.ActiveCfg = Release|Any CPU
		{4587C76E-BD0C-4696-B61D-6A06072A246A}.AppStore|ARM.Build.0 = Release|Any CPU
		{4587C76E-BD0C-4696-B61D-6A06072A246A}.AppStore|iPhone.ActiveCfg = Release|Any CPU
		{4587C76E-BD0C-4696-B61D-6A06072A246A}.AppStore|iPhone.Build.0 = Release|Any CPU
		{4587C76E-BD0C-4696-B61D-6A06072A246A}.AppStore|iPhoneSimulator.ActiveCfg = Release|Any CPU
		{4587C76E-BD0C-4696-B61D-6A06072A246A}.AppStore|iPhoneSimulator.Build.0 = Release|Any CPU
		{4587C76E-BD0C-4696-B61D-6A06072A246A}.AppStore|x64.ActiveCfg = Release|Any CPU
		{4587C76E-BD0C-4696-B61D-6A06072A246A}.AppStore|x64.Build.0 = Release|Any CPU
		{4587C76E-BD0C-4696-B61D-6A06072A246A}.AppStore|x86.ActiveCfg = Release|Any CPU
		{4587C76E-BD0C-4696-B61D-6A06072A246A}.AppStore|x86.Build.0 = Release|Any CPU
		{4587C76E-BD0C-4696-B61D-6A06072A246A}.Debug|Any CPU.ActiveCfg = Debug|Any CPU
		{4587C76E-BD0C-4696-B61D-6A06072A246A}.Debug|Any CPU.Build.0 = Debug|Any CPU
		{4587C76E-BD0C-4696-B61D-6A06072A246A}.Debug|ARM.ActiveCfg = Debug|Any CPU
		{4587C76E-BD0C-4696-B61D-6A06072A246A}.Debug|ARM.Build.0 = Debug|Any CPU
		{4587C76E-BD0C-4696-B61D-6A06072A246A}.Debug|iPhone.ActiveCfg = Debug|Any CPU
		{4587C76E-BD0C-4696-B61D-6A06072A246A}.Debug|iPhone.Build.0 = Debug|Any CPU
		{4587C76E-BD0C-4696-B61D-6A06072A246A}.Debug|iPhoneSimulator.ActiveCfg = Debug|Any CPU
		{4587C76E-BD0C-4696-B61D-6A06072A246A}.Debug|iPhoneSimulator.Build.0 = Debug|Any CPU
		{4587C76E-BD0C-4696-B61D-6A06072A246A}.Debug|x64.ActiveCfg = Debug|Any CPU
		{4587C76E-BD0C-4696-B61D-6A06072A246A}.Debug|x64.Build.0 = Debug|Any CPU
		{4587C76E-BD0C-4696-B61D-6A06072A246A}.Debug|x86.ActiveCfg = Debug|Any CPU
		{4587C76E-BD0C-4696-B61D-6A06072A246A}.Debug|x86.Build.0 = Debug|Any CPU
		{4587C76E-BD0C-4696-B61D-6A06072A246A}.Release|Any CPU.ActiveCfg = Release|Any CPU
		{4587C76E-BD0C-4696-B61D-6A06072A246A}.Release|Any CPU.Build.0 = Release|Any CPU
		{4587C76E-BD0C-4696-B61D-6A06072A246A}.Release|ARM.ActiveCfg = Release|Any CPU
		{4587C76E-BD0C-4696-B61D-6A06072A246A}.Release|ARM.Build.0 = Release|Any CPU
		{4587C76E-BD0C-4696-B61D-6A06072A246A}.Release|iPhone.ActiveCfg = Release|Any CPU
		{4587C76E-BD0C-4696-B61D-6A06072A246A}.Release|iPhone.Build.0 = Release|Any CPU
		{4587C76E-BD0C-4696-B61D-6A06072A246A}.Release|iPhoneSimulator.ActiveCfg = Release|Any CPU
		{4587C76E-BD0C-4696-B61D-6A06072A246A}.Release|iPhoneSimulator.Build.0 = Release|Any CPU
		{4587C76E-BD0C-4696-B61D-6A06072A246A}.Release|x64.ActiveCfg = Release|Any CPU
		{4587C76E-BD0C-4696-B61D-6A06072A246A}.Release|x64.Build.0 = Release|Any CPU
		{4587C76E-BD0C-4696-B61D-6A06072A246A}.Release|x86.ActiveCfg = Release|Any CPU
		{4587C76E-BD0C-4696-B61D-6A06072A246A}.Release|x86.Build.0 = Release|Any CPU
		{3997768D-DAB5-4C09-A195-DC69CE0D948D}.Ad-Hoc|Any CPU.ActiveCfg = Release|x86
		{3997768D-DAB5-4C09-A195-DC69CE0D948D}.Ad-Hoc|Any CPU.Build.0 = Release|x86
		{3997768D-DAB5-4C09-A195-DC69CE0D948D}.Ad-Hoc|Any CPU.Deploy.0 = Release|x86
		{3997768D-DAB5-4C09-A195-DC69CE0D948D}.Ad-Hoc|ARM.ActiveCfg = Release|ARM
		{3997768D-DAB5-4C09-A195-DC69CE0D948D}.Ad-Hoc|ARM.Build.0 = Release|ARM
		{3997768D-DAB5-4C09-A195-DC69CE0D948D}.Ad-Hoc|ARM.Deploy.0 = Release|ARM
		{3997768D-DAB5-4C09-A195-DC69CE0D948D}.Ad-Hoc|iPhone.ActiveCfg = Release|x86
		{3997768D-DAB5-4C09-A195-DC69CE0D948D}.Ad-Hoc|iPhone.Build.0 = Release|x86
		{3997768D-DAB5-4C09-A195-DC69CE0D948D}.Ad-Hoc|iPhone.Deploy.0 = Release|x86
		{3997768D-DAB5-4C09-A195-DC69CE0D948D}.Ad-Hoc|iPhoneSimulator.ActiveCfg = Release|x86
		{3997768D-DAB5-4C09-A195-DC69CE0D948D}.Ad-Hoc|iPhoneSimulator.Build.0 = Release|x86
		{3997768D-DAB5-4C09-A195-DC69CE0D948D}.Ad-Hoc|iPhoneSimulator.Deploy.0 = Release|x86
		{3997768D-DAB5-4C09-A195-DC69CE0D948D}.Ad-Hoc|x64.ActiveCfg = Release|x64
		{3997768D-DAB5-4C09-A195-DC69CE0D948D}.Ad-Hoc|x64.Build.0 = Release|x64
		{3997768D-DAB5-4C09-A195-DC69CE0D948D}.Ad-Hoc|x64.Deploy.0 = Release|x64
		{3997768D-DAB5-4C09-A195-DC69CE0D948D}.Ad-Hoc|x86.ActiveCfg = Release|x86
		{3997768D-DAB5-4C09-A195-DC69CE0D948D}.Ad-Hoc|x86.Build.0 = Release|x86
		{3997768D-DAB5-4C09-A195-DC69CE0D948D}.Ad-Hoc|x86.Deploy.0 = Release|x86
		{3997768D-DAB5-4C09-A195-DC69CE0D948D}.AppStore|Any CPU.ActiveCfg = Release|x86
		{3997768D-DAB5-4C09-A195-DC69CE0D948D}.AppStore|Any CPU.Build.0 = Release|x86
		{3997768D-DAB5-4C09-A195-DC69CE0D948D}.AppStore|Any CPU.Deploy.0 = Release|x86
		{3997768D-DAB5-4C09-A195-DC69CE0D948D}.AppStore|ARM.ActiveCfg = Release|ARM
		{3997768D-DAB5-4C09-A195-DC69CE0D948D}.AppStore|ARM.Build.0 = Release|ARM
		{3997768D-DAB5-4C09-A195-DC69CE0D948D}.AppStore|ARM.Deploy.0 = Release|ARM
		{3997768D-DAB5-4C09-A195-DC69CE0D948D}.AppStore|iPhone.ActiveCfg = Release|x86
		{3997768D-DAB5-4C09-A195-DC69CE0D948D}.AppStore|iPhone.Build.0 = Release|x86
		{3997768D-DAB5-4C09-A195-DC69CE0D948D}.AppStore|iPhone.Deploy.0 = Release|x86
		{3997768D-DAB5-4C09-A195-DC69CE0D948D}.AppStore|iPhoneSimulator.ActiveCfg = Release|x86
		{3997768D-DAB5-4C09-A195-DC69CE0D948D}.AppStore|iPhoneSimulator.Build.0 = Release|x86
		{3997768D-DAB5-4C09-A195-DC69CE0D948D}.AppStore|iPhoneSimulator.Deploy.0 = Release|x86
		{3997768D-DAB5-4C09-A195-DC69CE0D948D}.AppStore|x64.ActiveCfg = Release|x64
		{3997768D-DAB5-4C09-A195-DC69CE0D948D}.AppStore|x64.Build.0 = Release|x64
		{3997768D-DAB5-4C09-A195-DC69CE0D948D}.AppStore|x64.Deploy.0 = Release|x64
		{3997768D-DAB5-4C09-A195-DC69CE0D948D}.AppStore|x86.ActiveCfg = Release|x86
		{3997768D-DAB5-4C09-A195-DC69CE0D948D}.AppStore|x86.Build.0 = Release|x86
		{3997768D-DAB5-4C09-A195-DC69CE0D948D}.AppStore|x86.Deploy.0 = Release|x86
		{3997768D-DAB5-4C09-A195-DC69CE0D948D}.Debug|Any CPU.ActiveCfg = Debug|x86
		{3997768D-DAB5-4C09-A195-DC69CE0D948D}.Debug|ARM.ActiveCfg = Debug|ARM
		{3997768D-DAB5-4C09-A195-DC69CE0D948D}.Debug|ARM.Build.0 = Debug|ARM
		{3997768D-DAB5-4C09-A195-DC69CE0D948D}.Debug|ARM.Deploy.0 = Debug|ARM
		{3997768D-DAB5-4C09-A195-DC69CE0D948D}.Debug|iPhone.ActiveCfg = Debug|x86
		{3997768D-DAB5-4C09-A195-DC69CE0D948D}.Debug|iPhoneSimulator.ActiveCfg = Debug|x86
		{3997768D-DAB5-4C09-A195-DC69CE0D948D}.Debug|x64.ActiveCfg = Debug|x64
		{3997768D-DAB5-4C09-A195-DC69CE0D948D}.Debug|x64.Build.0 = Debug|x64
		{3997768D-DAB5-4C09-A195-DC69CE0D948D}.Debug|x64.Deploy.0 = Debug|x64
		{3997768D-DAB5-4C09-A195-DC69CE0D948D}.Debug|x86.ActiveCfg = Debug|x86
		{3997768D-DAB5-4C09-A195-DC69CE0D948D}.Debug|x86.Build.0 = Debug|x86
		{3997768D-DAB5-4C09-A195-DC69CE0D948D}.Debug|x86.Deploy.0 = Debug|x86
		{3997768D-DAB5-4C09-A195-DC69CE0D948D}.Release|Any CPU.ActiveCfg = Release|x86
		{3997768D-DAB5-4C09-A195-DC69CE0D948D}.Release|ARM.ActiveCfg = Release|ARM
		{3997768D-DAB5-4C09-A195-DC69CE0D948D}.Release|ARM.Build.0 = Release|ARM
		{3997768D-DAB5-4C09-A195-DC69CE0D948D}.Release|ARM.Deploy.0 = Release|ARM
		{3997768D-DAB5-4C09-A195-DC69CE0D948D}.Release|iPhone.ActiveCfg = Release|x86
		{3997768D-DAB5-4C09-A195-DC69CE0D948D}.Release|iPhoneSimulator.ActiveCfg = Release|x86
		{3997768D-DAB5-4C09-A195-DC69CE0D948D}.Release|x64.ActiveCfg = Release|x64
		{3997768D-DAB5-4C09-A195-DC69CE0D948D}.Release|x64.Build.0 = Release|x64
		{3997768D-DAB5-4C09-A195-DC69CE0D948D}.Release|x64.Deploy.0 = Release|x64
		{3997768D-DAB5-4C09-A195-DC69CE0D948D}.Release|x86.ActiveCfg = Release|x86
		{3997768D-DAB5-4C09-A195-DC69CE0D948D}.Release|x86.Build.0 = Release|x86
		{3997768D-DAB5-4C09-A195-DC69CE0D948D}.Release|x86.Deploy.0 = Release|x86
		{8592B720-092F-46FE-99D2-DCB68EDCB77E}.Ad-Hoc|Any CPU.ActiveCfg = Ad-Hoc|iPhone
		{8592B720-092F-46FE-99D2-DCB68EDCB77E}.Ad-Hoc|ARM.ActiveCfg = Ad-Hoc|iPhone
		{8592B720-092F-46FE-99D2-DCB68EDCB77E}.Ad-Hoc|iPhone.ActiveCfg = Ad-Hoc|iPhone
		{8592B720-092F-46FE-99D2-DCB68EDCB77E}.Ad-Hoc|iPhone.Build.0 = Ad-Hoc|iPhone
		{8592B720-092F-46FE-99D2-DCB68EDCB77E}.Ad-Hoc|iPhoneSimulator.ActiveCfg = Ad-Hoc|iPhoneSimulator
		{8592B720-092F-46FE-99D2-DCB68EDCB77E}.Ad-Hoc|iPhoneSimulator.Build.0 = Ad-Hoc|iPhoneSimulator
		{8592B720-092F-46FE-99D2-DCB68EDCB77E}.Ad-Hoc|x64.ActiveCfg = Ad-Hoc|iPhone
		{8592B720-092F-46FE-99D2-DCB68EDCB77E}.Ad-Hoc|x86.ActiveCfg = Ad-Hoc|iPhone
		{8592B720-092F-46FE-99D2-DCB68EDCB77E}.AppStore|Any CPU.ActiveCfg = AppStore|iPhone
		{8592B720-092F-46FE-99D2-DCB68EDCB77E}.AppStore|ARM.ActiveCfg = AppStore|iPhone
		{8592B720-092F-46FE-99D2-DCB68EDCB77E}.AppStore|iPhone.ActiveCfg = AppStore|iPhone
		{8592B720-092F-46FE-99D2-DCB68EDCB77E}.AppStore|iPhone.Build.0 = AppStore|iPhone
		{8592B720-092F-46FE-99D2-DCB68EDCB77E}.AppStore|iPhoneSimulator.ActiveCfg = AppStore|iPhoneSimulator
		{8592B720-092F-46FE-99D2-DCB68EDCB77E}.AppStore|iPhoneSimulator.Build.0 = AppStore|iPhoneSimulator
		{8592B720-092F-46FE-99D2-DCB68EDCB77E}.AppStore|x64.ActiveCfg = AppStore|iPhone
		{8592B720-092F-46FE-99D2-DCB68EDCB77E}.AppStore|x86.ActiveCfg = AppStore|iPhone
		{8592B720-092F-46FE-99D2-DCB68EDCB77E}.Debug|Any CPU.ActiveCfg = Debug|iPhone
		{8592B720-092F-46FE-99D2-DCB68EDCB77E}.Debug|ARM.ActiveCfg = Debug|iPhone
		{8592B720-092F-46FE-99D2-DCB68EDCB77E}.Debug|iPhone.ActiveCfg = Debug|iPhone
		{8592B720-092F-46FE-99D2-DCB68EDCB77E}.Debug|iPhone.Build.0 = Debug|iPhone
		{8592B720-092F-46FE-99D2-DCB68EDCB77E}.Debug|iPhoneSimulator.ActiveCfg = Debug|iPhoneSimulator
		{8592B720-092F-46FE-99D2-DCB68EDCB77E}.Debug|iPhoneSimulator.Build.0 = Debug|iPhoneSimulator
		{8592B720-092F-46FE-99D2-DCB68EDCB77E}.Debug|x64.ActiveCfg = Debug|iPhone
		{8592B720-092F-46FE-99D2-DCB68EDCB77E}.Debug|x86.ActiveCfg = Debug|iPhone
		{8592B720-092F-46FE-99D2-DCB68EDCB77E}.Release|Any CPU.ActiveCfg = Release|iPhone
		{8592B720-092F-46FE-99D2-DCB68EDCB77E}.Release|ARM.ActiveCfg = Release|iPhone
		{8592B720-092F-46FE-99D2-DCB68EDCB77E}.Release|iPhone.ActiveCfg = Release|iPhone
		{8592B720-092F-46FE-99D2-DCB68EDCB77E}.Release|iPhone.Build.0 = Release|iPhone
		{8592B720-092F-46FE-99D2-DCB68EDCB77E}.Release|iPhoneSimulator.ActiveCfg = Release|iPhoneSimulator
		{8592B720-092F-46FE-99D2-DCB68EDCB77E}.Release|iPhoneSimulator.Build.0 = Release|iPhoneSimulator
		{8592B720-092F-46FE-99D2-DCB68EDCB77E}.Release|x64.ActiveCfg = Release|iPhone
		{8592B720-092F-46FE-99D2-DCB68EDCB77E}.Release|x86.ActiveCfg = Release|iPhone
	EndGlobalSection
	GlobalSection(SolutionProperties) = preSolution
		HideSolutionNode = FALSE
	EndGlobalSection
EndGlobal
